
Microsoft Visual Studio Solution File, Format Version 12.00
# Visual Studio 15
VisualStudioVersion = 15.0.28307.1831
MinimumVisualStudioVersion = 10.0.40219.1
Project("{FAE04EC0-301F-11D3-BF4B-00C04F79EFBC}") = "WindowsFormsApp8", "WindowsFormsApp8\WindowsFormsApp8.csproj", "{75CAC715-6D56-46F1-9D36-297E3F9D778C}"
EndProject
Global
	GlobalSection(SolutionConfigurationPlatforms) = preSolution
		Debug|Any CPU = Debug|Any CPU
		Release|Any CPU = Release|Any CPU
	EndGlobalSection
	GlobalSection(ProjectConfigurationPlatforms) = postSolution
		{75CAC715-6D56-46F1-9D36-297E3F9D778C}.Debug|Any CPU.ActiveCfg = Debug|Any CPU
		{75CAC715-6D56-46F1-9D36-297E3F9D778C}.Debug|Any CPU.Build.0 = Debug|Any CPU
		{75CAC715-6D56-46F1-9D36-297E3F9D778C}.Release|Any CPU.ActiveCfg = Release|Any CPU
		{75CAC715-6D56-46F1-9D36-297E3F9D778C}.Release|Any CPU.Build.0 = Release|Any CPU
	EndGlobalSection
	GlobalSection(SolutionProperties) = preSolution
		HideSolutionNode = FALSE
	EndGlobalSection
	GlobalSection(ExtensibilityGlobals) = postSolution
		SolutionGuid = {FBE6241C-EE54-4D12-90A1-6F38BEB698A0}
	EndGlobalSection
EndGlobal
